
Microsoft Visual Studio Solution File, Format Version 12.00
# Visual Studio Version 17
VisualStudioVersion = 17.10.35013.160
MinimumVisualStudioVersion = 10.0.40219.1
Project("{FAE04EC0-301F-11D3-BF4B-00C04F79EFBC}") = "RabbitMQ_Publisher", "RabbitMQ_Publisher.csproj", "{94D657B9-04EA-4DFA-9FAE-B369AE3A64DF}"
EndProject
Global
	GlobalSection(SolutionConfigurationPlatforms) = preSolution
		Debug|Any CPU = Debug|Any CPU
		Release|Any CPU = Release|Any CPU
	EndGlobalSection
	GlobalSection(ProjectConfigurationPlatforms) = postSolution
		{94D657B9-04EA-4DFA-9FAE-B369AE3A64DF}.Debug|Any CPU.ActiveCfg = Debug|Any CPU
		{94D657B9-04EA-4DFA-9FAE-B369AE3A64DF}.Debug|Any CPU.Build.0 = Debug|Any CPU
		{94D657B9-04EA-4DFA-9FAE-B369AE3A64DF}.Release|Any CPU.ActiveCfg = Release|Any CPU
		{94D657B9-04EA-4DFA-9FAE-B369AE3A64DF}.Release|Any CPU.Build.0 = Release|Any CPU
	EndGlobalSection
	GlobalSection(SolutionProperties) = preSolution
		HideSolutionNode = FALSE
	EndGlobalSection
	GlobalSection(ExtensibilityGlobals) = postSolution
		SolutionGuid = {F0E2E58F-F469-4D6C-8112-05A6F56511B8}
	EndGlobalSection
EndGlobal
